
Microsoft Visual Studio Solution File, Format Version 12.00
# Visual Studio Version 17
VisualStudioVersion = 17.11.34929.205
MinimumVisualStudioVersion = 10.0.40219.1
Project("{FAE04EC0-301F-11D3-BF4B-00C04F79EFBC}") = "SalesManagement", "SalesManagement.csproj", "{2A749C29-20E4-4C35-8C52-7C95184695CC}"
EndProject
Global
	GlobalSection(SolutionConfigurationPlatforms) = preSolution
		Debug|Any CPU = Debug|Any CPU
		Release|Any CPU = Release|Any CPU
	EndGlobalSection
	GlobalSection(ProjectConfigurationPlatforms) = postSolution
		{2A749C29-20E4-4C35-8C52-7C95184695CC}.Debug|Any CPU.ActiveCfg = Debug|Any CPU
		{2A749C29-20E4-4C35-8C52-7C95184695CC}.Debug|Any CPU.Build.0 = Debug|Any CPU
		{2A749C29-20E4-4C35-8C52-7C95184695CC}.Release|Any CPU.ActiveCfg = Release|Any CPU
		{2A749C29-20E4-4C35-8C52-7C95184695CC}.Release|Any CPU.Build.0 = Release|Any CPU
	EndGlobalSection
	GlobalSection(SolutionProperties) = preSolution
		HideSolutionNode = FALSE
	EndGlobalSection
	GlobalSection(ExtensibilityGlobals) = postSolution
		SolutionGuid = {CFA2131B-0ED3-4FBE-8E8D-081192A8815C}
	EndGlobalSection
EndGlobal
